// !$*UTF8*$!
{
	archiveVersion = 1;
	classes = {
	};
	objectVersion = 56;
	objects = {

/* Begin PBXBuildFile section */
		E13F03712B24F9E200210D49 /* UserView.swift in Sources */ = {isa = PBXBuildFile; fileRef = E13F03702B24F9E200210D49 /* UserView.swift */; };
		E13F03762B28A7F000210D49 /* UserResponse.swift in Sources */ = {isa = PBXBuildFile; fileRef = E13F03752B28A7F000210D49 /* UserResponse.swift */; };
		E13F037A2B28AEB500210D49 /* Photo.swift in Sources */ = {isa = PBXBuildFile; fileRef = E13F03792B28AEB500210D49 /* Photo.swift */; };
		E13F037D2B28C9F100210D49 /* validPhotoResponse.json in Resources */ = {isa = PBXBuildFile; fileRef = E13F037C2B28C9F100210D49 /* validPhotoResponse.json */; };
		E13F037F2B28CA2B00210D49 /* emptyPhotoResponse.json in Resources */ = {isa = PBXBuildFile; fileRef = E13F037E2B28CA2B00210D49 /* emptyPhotoResponse.json */; };
		E13F03842B28D29B00210D49 /* constants.swift in Sources */ = {isa = PBXBuildFile; fileRef = E13F03832B28D29B00210D49 /* constants.swift */; };
		E13F038B2B2F574800210D49 /* TagView.swift in Sources */ = {isa = PBXBuildFile; fileRef = E13F038A2B2F574800210D49 /* TagView.swift */; };
		E13F038D2B2F5E1400210D49 /* Netwrok.swift in Sources */ = {isa = PBXBuildFile; fileRef = E13F038C2B2F5E1400210D49 /* Netwrok.swift */; };
		E13F03932B2F632700210D49 /* UserResponse.json in Resources */ = {isa = PBXBuildFile; fileRef = E13F03922B2F632700210D49 /* UserResponse.json */; };
		E13F03942B2F6D5F00210D49 /* MockNetwork.swift in Sources */ = {isa = PBXBuildFile; fileRef = E13F038E2B2F5E2300210D49 /* MockNetwork.swift */; };
		E13F03962B2FB58800210D49 /* UserUrlInputView.swift in Sources */ = {isa = PBXBuildFile; fileRef = E13F03952B2FB58800210D49 /* UserUrlInputView.swift */; };
		E163EC1D2B34D1FC006194ED /* MainView.swift in Sources */ = {isa = PBXBuildFile; fileRef = E163EC1C2B34D1FC006194ED /* MainView.swift */; };
		E163EC1F2B350691006194ED /* HomeView.swift in Sources */ = {isa = PBXBuildFile; fileRef = E163EC1E2B350691006194ED /* HomeView.swift */; };
		E163EC212B35077C006194ED /* ImageListView.swift in Sources */ = {isa = PBXBuildFile; fileRef = E163EC202B35077C006194ED /* ImageListView.swift */; };
		E163EC232B3508E9006194ED /* LocationBasedView.swift in Sources */ = {isa = PBXBuildFile; fileRef = E163EC222B3508E9006194ED /* LocationBasedView.swift */; };
		E163EC252B350A12006194ED /* LocationManager.swift in Sources */ = {isa = PBXBuildFile; fileRef = E163EC242B350A12006194ED /* LocationManager.swift */; };
		E163EC282B3E11DE006194ED /* CLPlacemark.swift in Sources */ = {isa = PBXBuildFile; fileRef = E163EC272B3E11DD006194ED /* CLPlacemark.swift */; };
		E1DFAE3C2B2394CD00B5218F /* FlickrApp.swift in Sources */ = {isa = PBXBuildFile; fileRef = E1DFAE3B2B2394CD00B5218F /* FlickrApp.swift */; };
		E1DFAE402B2394CF00B5218F /* Assets.xcassets in Resources */ = {isa = PBXBuildFile; fileRef = E1DFAE3F2B2394CF00B5218F /* Assets.xcassets */; };
		E1DFAE432B2394CF00B5218F /* Preview Assets.xcassets in Resources */ = {isa = PBXBuildFile; fileRef = E1DFAE422B2394CF00B5218F /* Preview Assets.xcassets */; };
		E1DFAE4D2B2394CF00B5218F /* FlickrAppTests.swift in Sources */ = {isa = PBXBuildFile; fileRef = E1DFAE4C2B2394CF00B5218F /* FlickrAppTests.swift */; };
		E1DFAE572B2394CF00B5218F /* FlickrAppUITests.swift in Sources */ = {isa = PBXBuildFile; fileRef = E1DFAE562B2394CF00B5218F /* FlickrAppUITests.swift */; };
		E1DFAE592B2394CF00B5218F /* FlickrAppUITestsLaunchTests.swift in Sources */ = {isa = PBXBuildFile; fileRef = E1DFAE582B2394CF00B5218F /* FlickrAppUITestsLaunchTests.swift */; };
		E1DFAE662B23973400B5218F /* ImageView.swift in Sources */ = {isa = PBXBuildFile; fileRef = E1DFAE652B23973400B5218F /* ImageView.swift */; };
		E1DFAE682B23974100B5218F /* DetailsView.swift in Sources */ = {isa = PBXBuildFile; fileRef = E1DFAE672B23974100B5218F /* DetailsView.swift */; };
		E1DFAE6C2B23A01500B5218F /* SearchView.swift in Sources */ = {isa = PBXBuildFile; fileRef = E1DFAE6B2B23A01500B5218F /* SearchView.swift */; };
		E1DFAE6E2B23A38100B5218F /* SplashSceenView.swift in Sources */ = {isa = PBXBuildFile; fileRef = E1DFAE6D2B23A38100B5218F /* SplashSceenView.swift */; };
		E1DFAE702B23B1CD00B5218F /* ModelView.swift in Sources */ = {isa = PBXBuildFile; fileRef = E1DFAE6F2B23B1CD00B5218F /* ModelView.swift */; };
		E1DFAE742B23B5A400B5218F /* FlickrResponse.swift in Sources */ = {isa = PBXBuildFile; fileRef = E1DFAE732B23B5A400B5218F /* FlickrResponse.swift */; };
/* End PBXBuildFile section */

/* Begin PBXContainerItemProxy section */
		E1DFAE492B2394CF00B5218F /* PBXContainerItemProxy */ = {
			isa = PBXContainerItemProxy;
			containerPortal = E1DFAE302B2394CD00B5218F /* Project object */;
			proxyType = 1;
			remoteGlobalIDString = E1DFAE372B2394CD00B5218F;
			remoteInfo = FlickerApp;
		};
		E1DFAE532B2394CF00B5218F /* PBXContainerItemProxy */ = {
			isa = PBXContainerItemProxy;
			containerPortal = E1DFAE302B2394CD00B5218F /* Project object */;
			proxyType = 1;
			remoteGlobalIDString = E1DFAE372B2394CD00B5218F;
			remoteInfo = FlickerApp;
		};
/* End PBXContainerItemProxy section */

/* Begin PBXFileReference section */
		E13F03702B24F9E200210D49 /* UserView.swift */ = {isa = PBXFileReference; lastKnownFileType = sourcecode.swift; path = UserView.swift; sourceTree = "<group>"; };
		E13F03752B28A7F000210D49 /* UserResponse.swift */ = {isa = PBXFileReference; lastKnownFileType = sourcecode.swift; path = UserResponse.swift; sourceTree = "<group>"; };
		E13F03792B28AEB500210D49 /* Photo.swift */ = {isa = PBXFileReference; lastKnownFileType = sourcecode.swift; path = Photo.swift; sourceTree = "<group>"; };
		E13F037C2B28C9F100210D49 /* validPhotoResponse.json */ = {isa = PBXFileReference; lastKnownFileType = text.json; path = validPhotoResponse.json; sourceTree = "<group>"; };
		E13F037E2B28CA2B00210D49 /* emptyPhotoResponse.json */ = {isa = PBXFileReference; lastKnownFileType = text.json; path = emptyPhotoResponse.json; sourceTree = "<group>"; };
		E13F03832B28D29B00210D49 /* constants.swift */ = {isa = PBXFileReference; lastKnownFileType = sourcecode.swift; path = constants.swift; sourceTree = "<group>"; };
		E13F038A2B2F574800210D49 /* TagView.swift */ = {isa = PBXFileReference; lastKnownFileType = sourcecode.swift; path = TagView.swift; sourceTree = "<group>"; };
		E13F038C2B2F5E1400210D49 /* Netwrok.swift */ = {isa = PBXFileReference; lastKnownFileType = sourcecode.swift; path = Netwrok.swift; sourceTree = "<group>"; };
		E13F038E2B2F5E2300210D49 /* MockNetwork.swift */ = {isa = PBXFileReference; lastKnownFileType = sourcecode.swift; path = MockNetwork.swift; sourceTree = "<group>"; };
		E13F03922B2F632700210D49 /* UserResponse.json */ = {isa = PBXFileReference; lastKnownFileType = text.json; path = UserResponse.json; sourceTree = "<group>"; };
		E13F03952B2FB58800210D49 /* UserUrlInputView.swift */ = {isa = PBXFileReference; lastKnownFileType = sourcecode.swift; path = UserUrlInputView.swift; sourceTree = "<group>"; };
		E163EC1C2B34D1FC006194ED /* MainView.swift */ = {isa = PBXFileReference; lastKnownFileType = sourcecode.swift; path = MainView.swift; sourceTree = "<group>"; };
		E163EC1E2B350691006194ED /* HomeView.swift */ = {isa = PBXFileReference; lastKnownFileType = sourcecode.swift; path = HomeView.swift; sourceTree = "<group>"; };
		E163EC202B35077C006194ED /* ImageListView.swift */ = {isa = PBXFileReference; lastKnownFileType = sourcecode.swift; path = ImageListView.swift; sourceTree = "<group>"; };
		E163EC222B3508E9006194ED /* LocationBasedView.swift */ = {isa = PBXFileReference; lastKnownFileType = sourcecode.swift; path = LocationBasedView.swift; sourceTree = "<group>"; };
		E163EC242B350A12006194ED /* LocationManager.swift */ = {isa = PBXFileReference; lastKnownFileType = sourcecode.swift; path = LocationManager.swift; sourceTree = "<group>"; };
		E163EC262B3519D9006194ED /* Info.plist */ = {isa = PBXFileReference; lastKnownFileType = text.plist; path = Info.plist; sourceTree = "<group>"; };
		E163EC272B3E11DD006194ED /* CLPlacemark.swift */ = {isa = PBXFileReference; lastKnownFileType = sourcecode.swift; path = CLPlacemark.swift; sourceTree = "<group>"; };
		E1DFAE382B2394CD00B5218F /* FlickrApp.app */ = {isa = PBXFileReference; explicitFileType = wrapper.application; includeInIndex = 0; path = FlickrApp.app; sourceTree = BUILT_PRODUCTS_DIR; };
		E1DFAE3B2B2394CD00B5218F /* FlickrApp.swift */ = {isa = PBXFileReference; lastKnownFileType = sourcecode.swift; path = FlickrApp.swift; sourceTree = "<group>"; };
		E1DFAE3F2B2394CF00B5218F /* Assets.xcassets */ = {isa = PBXFileReference; lastKnownFileType = folder.assetcatalog; path = Assets.xcassets; sourceTree = "<group>"; };
		E1DFAE422B2394CF00B5218F /* Preview Assets.xcassets */ = {isa = PBXFileReference; lastKnownFileType = folder.assetcatalog; path = "Preview Assets.xcassets"; sourceTree = "<group>"; };
		E1DFAE482B2394CF00B5218F /* FlickrAppTests.xctest */ = {isa = PBXFileReference; explicitFileType = wrapper.cfbundle; includeInIndex = 0; path = FlickrAppTests.xctest; sourceTree = BUILT_PRODUCTS_DIR; };
		E1DFAE4C2B2394CF00B5218F /* FlickrAppTests.swift */ = {isa = PBXFileReference; lastKnownFileType = sourcecode.swift; path = FlickrAppTests.swift; sourceTree = "<group>"; };
		E1DFAE522B2394CF00B5218F /* FlickrAppUITests.xctest */ = {isa = PBXFileReference; explicitFileType = wrapper.cfbundle; includeInIndex = 0; path = FlickrAppUITests.xctest; sourceTree = BUILT_PRODUCTS_DIR; };
		E1DFAE562B2394CF00B5218F /* FlickrAppUITests.swift */ = {isa = PBXFileReference; lastKnownFileType = sourcecode.swift; path = FlickrAppUITests.swift; sourceTree = "<group>"; };
		E1DFAE582B2394CF00B5218F /* FlickrAppUITestsLaunchTests.swift */ = {isa = PBXFileReference; lastKnownFileType = sourcecode.swift; path = FlickrAppUITestsLaunchTests.swift; sourceTree = "<group>"; };
		E1DFAE652B23973400B5218F /* ImageView.swift */ = {isa = PBXFileReference; lastKnownFileType = sourcecode.swift; path = ImageView.swift; sourceTree = "<group>"; };
		E1DFAE672B23974100B5218F /* DetailsView.swift */ = {isa = PBXFileReference; lastKnownFileType = sourcecode.swift; path = DetailsView.swift; sourceTree = "<group>"; };
		E1DFAE6B2B23A01500B5218F /* SearchView.swift */ = {isa = PBXFileReference; lastKnownFileType = sourcecode.swift; path = SearchView.swift; sourceTree = "<group>"; };
		E1DFAE6D2B23A38100B5218F /* SplashSceenView.swift */ = {isa = PBXFileReference; lastKnownFileType = sourcecode.swift; path = SplashSceenView.swift; sourceTree = "<group>"; };
		E1DFAE6F2B23B1CD00B5218F /* ModelView.swift */ = {isa = PBXFileReference; lastKnownFileType = sourcecode.swift; path = ModelView.swift; sourceTree = "<group>"; };
		E1DFAE732B23B5A400B5218F /* FlickrResponse.swift */ = {isa = PBXFileReference; lastKnownFileType = sourcecode.swift; path = FlickrResponse.swift; sourceTree = "<group>"; };
/* End PBXFileReference section */

/* Begin PBXFrameworksBuildPhase section */
		E1DFAE352B2394CD00B5218F /* Frameworks */ = {
			isa = PBXFrameworksBuildPhase;
			buildActionMask = 2147483647;
			files = (
			);
			runOnlyForDeploymentPostprocessing = 0;
		};
		E1DFAE452B2394CF00B5218F /* Frameworks */ = {
			isa = PBXFrameworksBuildPhase;
			buildActionMask = 2147483647;
			files = (
			);
			runOnlyForDeploymentPostprocessing = 0;
		};
		E1DFAE4F2B2394CF00B5218F /* Frameworks */ = {
			isa = PBXFrameworksBuildPhase;
			buildActionMask = 2147483647;
			files = (
			);
			runOnlyForDeploymentPostprocessing = 0;
		};
/* End PBXFrameworksBuildPhase section */

/* Begin PBXGroup section */
		E13F036F2B24F97200210D49 /* views */ = {
			isa = PBXGroup;
			children = (
				E1DFAE652B23973400B5218F /* ImageView.swift */,
				E1DFAE6D2B23A38100B5218F /* SplashSceenView.swift */,
				E1DFAE672B23974100B5218F /* DetailsView.swift */,
				E1DFAE6B2B23A01500B5218F /* SearchView.swift */,
				E13F03702B24F9E200210D49 /* UserView.swift */,
				E13F038A2B2F574800210D49 /* TagView.swift */,
				E13F03952B2FB58800210D49 /* UserUrlInputView.swift */,
				E163EC1C2B34D1FC006194ED /* MainView.swift */,
				E163EC1E2B350691006194ED /* HomeView.swift */,
				E163EC202B35077C006194ED /* ImageListView.swift */,
				E163EC222B3508E9006194ED /* LocationBasedView.swift */,
			);
			path = views;
			sourceTree = "<group>";
		};
		E13F03742B28A77E00210D49 /* models */ = {
			isa = PBXGroup;
			children = (
				E1DFAE732B23B5A400B5218F /* FlickrResponse.swift */,
				E13F03752B28A7F000210D49 /* UserResponse.swift */,
				E13F03792B28AEB500210D49 /* Photo.swift */,
				E163EC272B3E11DD006194ED /* CLPlacemark.swift */,
			);
			path = models;
			sourceTree = "<group>";
		};
		E13F037B2B28C99500210D49 /* Data */ = {
			isa = PBXGroup;
			children = (
				E13F037C2B28C9F100210D49 /* validPhotoResponse.json */,
				E13F037E2B28CA2B00210D49 /* emptyPhotoResponse.json */,
				E13F03922B2F632700210D49 /* UserResponse.json */,
			);
			path = Data;
			sourceTree = "<group>";
		};
		E13F03802B28D23900210D49 /* ModelView */ = {
			isa = PBXGroup;
			children = (
				E1DFAE6F2B23B1CD00B5218F /* ModelView.swift */,
				E13F03832B28D29B00210D49 /* constants.swift */,
				E13F038C2B2F5E1400210D49 /* Netwrok.swift */,
				E163EC242B350A12006194ED /* LocationManager.swift */,
			);
			path = ModelView;
			sourceTree = "<group>";
		};
		E1DFAE2F2B2394CD00B5218F = {
			isa = PBXGroup;
			children = (
				E1DFAE3A2B2394CD00B5218F /* FlickrApp */,
				E1DFAE4B2B2394CF00B5218F /* FlickrAppTests */,
				E1DFAE552B2394CF00B5218F /* FlickrAppUITests */,
				E1DFAE392B2394CD00B5218F /* Products */,
			);
			sourceTree = "<group>";
		};
		E1DFAE392B2394CD00B5218F /* Products */ = {
			isa = PBXGroup;
			children = (
				E1DFAE382B2394CD00B5218F /* FlickrApp.app */,
				E1DFAE482B2394CF00B5218F /* FlickrAppTests.xctest */,
				E1DFAE522B2394CF00B5218F /* FlickrAppUITests.xctest */,
			);
			name = Products;
			sourceTree = "<group>";
		};
		E1DFAE3A2B2394CD00B5218F /* FlickrApp */ = {
			isa = PBXGroup;
			children = (
				E163EC262B3519D9006194ED /* Info.plist */,
				E13F03802B28D23900210D49 /* ModelView */,
				E13F03742B28A77E00210D49 /* models */,
				E13F036F2B24F97200210D49 /* views */,
				E1DFAE3B2B2394CD00B5218F /* FlickrApp.swift */,
				E1DFAE3F2B2394CF00B5218F /* Assets.xcassets */,
				E1DFAE412B2394CF00B5218F /* Preview Content */,
			);
			path = FlickrApp;
			sourceTree = "<group>";
		};
		E1DFAE412B2394CF00B5218F /* Preview Content */ = {
			isa = PBXGroup;
			children = (
				E1DFAE422B2394CF00B5218F /* Preview Assets.xcassets */,
			);
			path = "Preview Content";
			sourceTree = "<group>";
		};
		E1DFAE4B2B2394CF00B5218F /* FlickrAppTests */ = {
			isa = PBXGroup;
			children = (
				E13F038E2B2F5E2300210D49 /* MockNetwork.swift */,
				E13F037B2B28C99500210D49 /* Data */,
				E1DFAE4C2B2394CF00B5218F /* FlickrAppTests.swift */,
			);
			path = FlickrAppTests;
			sourceTree = "<group>";
		};
		E1DFAE552B2394CF00B5218F /* FlickrAppUITests */ = {
			isa = PBXGroup;
			children = (
				E1DFAE562B2394CF00B5218F /* FlickrAppUITests.swift */,
				E1DFAE582B2394CF00B5218F /* FlickrAppUITestsLaunchTests.swift */,
			);
			path = FlickrAppUITests;
			sourceTree = "<group>";
		};
/* End PBXGroup section */

/* Begin PBXNativeTarget section */
		E1DFAE372B2394CD00B5218F /* FlickrApp */ = {
			isa = PBXNativeTarget;
			buildConfigurationList = E1DFAE5C2B2394CF00B5218F /* Build configuration list for PBXNativeTarget "FlickrApp" */;
			buildPhases = (
				E1DFAE342B2394CD00B5218F /* Sources */,
				E1DFAE352B2394CD00B5218F /* Frameworks */,
				E1DFAE362B2394CD00B5218F /* Resources */,
			);
			buildRules = (
			);
			dependencies = (
			);
			name = FlickrApp;
			packageProductDependencies = (
			);
			productName = FlickerApp;
			productReference = E1DFAE382B2394CD00B5218F /* FlickrApp.app */;
			productType = "com.apple.product-type.application";
		};
		E1DFAE472B2394CF00B5218F /* FlickrAppTests */ = {
			isa = PBXNativeTarget;
			buildConfigurationList = E1DFAE5F2B2394CF00B5218F /* Build configuration list for PBXNativeTarget "FlickrAppTests" */;
			buildPhases = (
				E1DFAE442B2394CF00B5218F /* Sources */,
				E1DFAE452B2394CF00B5218F /* Frameworks */,
				E1DFAE462B2394CF00B5218F /* Resources */,
			);
			buildRules = (
			);
			dependencies = (
				E1DFAE4A2B2394CF00B5218F /* PBXTargetDependency */,
			);
			name = FlickrAppTests;
			productName = FlickerAppTests;
			productReference = E1DFAE482B2394CF00B5218F /* FlickrAppTests.xctest */;
			productType = "com.apple.product-type.bundle.unit-test";
		};
		E1DFAE512B2394CF00B5218F /* FlickrAppUITests */ = {
			isa = PBXNativeTarget;
			buildConfigurationList = E1DFAE622B2394CF00B5218F /* Build configuration list for PBXNativeTarget "FlickrAppUITests" */;
			buildPhases = (
				E1DFAE4E2B2394CF00B5218F /* Sources */,
				E1DFAE4F2B2394CF00B5218F /* Frameworks */,
				E1DFAE502B2394CF00B5218F /* Resources */,
			);
			buildRules = (
			);
			dependencies = (
				E1DFAE542B2394CF00B5218F /* PBXTargetDependency */,
			);
			name = FlickrAppUITests;
			productName = FlickerAppUITests;
			productReference = E1DFAE522B2394CF00B5218F /* FlickrAppUITests.xctest */;
			productType = "com.apple.product-type.bundle.ui-testing";
		};
/* End PBXNativeTarget section */

/* Begin PBXProject section */
		E1DFAE302B2394CD00B5218F /* Project object */ = {
			isa = PBXProject;
			attributes = {
				BuildIndependentTargetsInParallel = 1;
				LastSwiftUpdateCheck = 1500;
				LastUpgradeCheck = 1500;
				TargetAttributes = {
					E1DFAE372B2394CD00B5218F = {
						CreatedOnToolsVersion = 15.0.1;
					};
					E1DFAE472B2394CF00B5218F = {
						CreatedOnToolsVersion = 15.0.1;
						TestTargetID = E1DFAE372B2394CD00B5218F;
					};
					E1DFAE512B2394CF00B5218F = {
						CreatedOnToolsVersion = 15.0.1;
						TestTargetID = E1DFAE372B2394CD00B5218F;
					};
				};
			};
			buildConfigurationList = E1DFAE332B2394CD00B5218F /* Build configuration list for PBXProject "FlickrApp" */;
			compatibilityVersion = "Xcode 14.0";
			developmentRegion = en;
			hasScannedForEncodings = 0;
			knownRegions = (
				en,
				Base,
			);
			mainGroup = E1DFAE2F2B2394CD00B5218F;
			packageReferences = (
			);
			productRefGroup = E1DFAE392B2394CD00B5218F /* Products */;
			projectDirPath = "";
			projectRoot = "";
			targets = (
				E1DFAE372B2394CD00B5218F /* FlickrApp */,
				E1DFAE472B2394CF00B5218F /* FlickrAppTests */,
				E1DFAE512B2394CF00B5218F /* FlickrAppUITests */,
			);
		};
/* End PBXProject section */

/* Begin PBXResourcesBuildPhase section */
		E1DFAE362B2394CD00B5218F /* Resources */ = {
			isa = PBXResourcesBuildPhase;
			buildActionMask = 2147483647;
			files = (
				E1DFAE432B2394CF00B5218F /* Preview Assets.xcassets in Resources */,
				E1DFAE402B2394CF00B5218F /* Assets.xcassets in Resources */,
			);
			runOnlyForDeploymentPostprocessing = 0;
		};
		E1DFAE462B2394CF00B5218F /* Resources */ = {
			isa = PBXResourcesBuildPhase;
			buildActionMask = 2147483647;
			files = (
				E13F037D2B28C9F100210D49 /* validPhotoResponse.json in Resources */,
				E13F037F2B28CA2B00210D49 /* emptyPhotoResponse.json in Resources */,
				E13F03932B2F632700210D49 /* UserResponse.json in Resources */,
			);
			runOnlyForDeploymentPostprocessing = 0;
		};
		E1DFAE502B2394CF00B5218F /* Resources */ = {
			isa = PBXResourcesBuildPhase;
			buildActionMask = 2147483647;
			files = (
			);
			runOnlyForDeploymentPostprocessing = 0;
		};
/* End PBXResourcesBuildPhase section */

/* Begin PBXSourcesBuildPhase section */
		E1DFAE342B2394CD00B5218F /* Sources */ = {
			isa = PBXSourcesBuildPhase;
			buildActionMask = 2147483647;
			files = (
				E13F037A2B28AEB500210D49 /* Photo.swift in Sources */,
				E163EC232B3508E9006194ED /* LocationBasedView.swift in Sources */,
				E13F03712B24F9E200210D49 /* UserView.swift in Sources */,
				E163EC212B35077C006194ED /* ImageListView.swift in Sources */,
				E1DFAE662B23973400B5218F /* ImageView.swift in Sources */,
				E13F03842B28D29B00210D49 /* constants.swift in Sources */,
				E13F038D2B2F5E1400210D49 /* Netwrok.swift in Sources */,
				E1DFAE742B23B5A400B5218F /* FlickrResponse.swift in Sources */,
				E1DFAE682B23974100B5218F /* DetailsView.swift in Sources */,
				E13F038B2B2F574800210D49 /* TagView.swift in Sources */,
				E13F03962B2FB58800210D49 /* UserUrlInputView.swift in Sources */,
				E1DFAE702B23B1CD00B5218F /* ModelView.swift in Sources */,
				E1DFAE6C2B23A01500B5218F /* SearchView.swift in Sources */,
				E1DFAE6E2B23A38100B5218F /* SplashSceenView.swift in Sources */,
				E1DFAE3C2B2394CD00B5218F /* FlickrApp.swift in Sources */,
				E163EC1F2B350691006194ED /* HomeView.swift in Sources */,
				E163EC1D2B34D1FC006194ED /* MainView.swift in Sources */,
				E163EC252B350A12006194ED /* LocationManager.swift in Sources */,
				E13F03762B28A7F000210D49 /* UserResponse.swift in Sources */,
				E163EC282B3E11DE006194ED /* CLPlacemark.swift in Sources */,
			);
			runOnlyForDeploymentPostprocessing = 0;
		};
		E1DFAE442B2394CF00B5218F /* Sources */ = {
			isa = PBXSourcesBuildPhase;
			buildActionMask = 2147483647;
			files = (
				E13F03942B2F6D5F00210D49 /* MockNetwork.swift in Sources */,
				E1DFAE4D2B2394CF00B5218F /* FlickrAppTests.swift in Sources */,
			);
			runOnlyForDeploymentPostprocessing = 0;
		};
		E1DFAE4E2B2394CF00B5218F /* Sources */ = {
			isa = PBXSourcesBuildPhase;
			buildActionMask = 2147483647;
			files = (
				E1DFAE572B2394CF00B5218F /* FlickrAppUITests.swift in Sources */,
				E1DFAE592B2394CF00B5218F /* FlickrAppUITestsLaunchTests.swift in Sources */,
			);
			runOnlyForDeploymentPostprocessing = 0;
		};
/* End PBXSourcesBuildPhase section */

/* Begin PBXTargetDependency section */
		E1DFAE4A2B2394CF00B5218F /* PBXTargetDependency */ = {
			isa = PBXTargetDependency;
			target = E1DFAE372B2394CD00B5218F /* FlickrApp */;
			targetProxy = E1DFAE492B2394CF00B5218F /* PBXContainerItemProxy */;
		};
		E1DFAE542B2394CF00B5218F /* PBXTargetDependency */ = {
			isa = PBXTargetDependency;
			target = E1DFAE372B2394CD00B5218F /* FlickrApp */;
			targetProxy = E1DFAE532B2394CF00B5218F /* PBXContainerItemProxy */;
		};
/* End PBXTargetDependency section */

/* Begin XCBuildConfiguration section */
		E1DFAE5A2B2394CF00B5218F /* Debug */ = {
			isa = XCBuildConfiguration;
			buildSettings = {
				ALWAYS_SEARCH_USER_PATHS = NO;
				ASSETCATALOG_COMPILER_GENERATE_SWIFT_ASSET_SYMBOL_EXTENSIONS = YES;
				CLANG_ANALYZER_NONNULL = YES;
				CLANG_ANALYZER_NUMBER_OBJECT_CONVERSION = YES_AGGRESSIVE;
				CLANG_CXX_LANGUAGE_STANDARD = "gnu++20";
				CLANG_ENABLE_MODULES = YES;
				CLANG_ENABLE_OBJC_ARC = YES;
				CLANG_ENABLE_OBJC_WEAK = YES;
				CLANG_WARN_BLOCK_CAPTURE_AUTORELEASING = YES;
				CLANG_WARN_BOOL_CONVERSION = YES;
				CLANG_WARN_COMMA = YES;
				CLANG_WARN_CONSTANT_CONVERSION = YES;
				CLANG_WARN_DEPRECATED_OBJC_IMPLEMENTATIONS = YES;
				CLANG_WARN_DIRECT_OBJC_ISA_USAGE = YES_ERROR;
				CLANG_WARN_DOCUMENTATION_COMMENTS = YES;
				CLANG_WARN_EMPTY_BODY = YES;
				CLANG_WARN_ENUM_CONVERSION = YES;
				CLANG_WARN_INFINITE_RECURSION = YES;
				CLANG_WARN_INT_CONVERSION = YES;
				CLANG_WARN_NON_LITERAL_NULL_CONVERSION = YES;
				CLANG_WARN_OBJC_IMPLICIT_RETAIN_SELF = YES;
				CLANG_WARN_OBJC_LITERAL_CONVERSION = YES;
				CLANG_WARN_OBJC_ROOT_CLASS = YES_ERROR;
				CLANG_WARN_QUOTED_INCLUDE_IN_FRAMEWORK_HEADER = YES;
				CLANG_WARN_RANGE_LOOP_ANALYSIS = YES;
				CLANG_WARN_STRICT_PROTOTYPES = YES;
				CLANG_WARN_SUSPICIOUS_MOVE = YES;
				CLANG_WARN_UNGUARDED_AVAILABILITY = YES_AGGRESSIVE;
				CLANG_WARN_UNREACHABLE_CODE = YES;
				CLANG_WARN__DUPLICATE_METHOD_MATCH = YES;
				COPY_PHASE_STRIP = NO;
				DEBUG_INFORMATION_FORMAT = dwarf;
				ENABLE_STRICT_OBJC_MSGSEND = YES;
				ENABLE_TESTABILITY = YES;
				ENABLE_USER_SCRIPT_SANDBOXING = YES;
				GCC_C_LANGUAGE_STANDARD = gnu17;
				GCC_DYNAMIC_NO_PIC = NO;
				GCC_NO_COMMON_BLOCKS = YES;
				GCC_OPTIMIZATION_LEVEL = 0;
				GCC_PREPROCESSOR_DEFINITIONS = (
					"DEBUG=1",
					"$(inherited)",
				);
				GCC_WARN_64_TO_32_BIT_CONVERSION = YES;
				GCC_WARN_ABOUT_RETURN_TYPE = YES_ERROR;
				GCC_WARN_UNDECLARED_SELECTOR = YES;
				GCC_WARN_UNINITIALIZED_AUTOS = YES_AGGRESSIVE;
				GCC_WARN_UNUSED_FUNCTION = YES;
				GCC_WARN_UNUSED_VARIABLE = YES;
				IPHONEOS_DEPLOYMENT_TARGET = 17.0;
				LOCALIZATION_PREFERS_STRING_CATALOGS = YES;
				MTL_ENABLE_DEBUG_INFO = INCLUDE_SOURCE;
				MTL_FAST_MATH = YES;
				ONLY_ACTIVE_ARCH = YES;
				SDKROOT = iphoneos;
				SWIFT_ACTIVE_COMPILATION_CONDITIONS = "DEBUG $(inherited)";
				SWIFT_OPTIMIZATION_LEVEL = "-Onone";
			};
			name = Debug;
		};
		E1DFAE5B2B2394CF00B5218F /* Release */ = {
			isa = XCBuildConfiguration;
			buildSettings = {
				ALWAYS_SEARCH_USER_PATHS = NO;
				ASSETCATALOG_COMPILER_GENERATE_SWIFT_ASSET_SYMBOL_EXTENSIONS = YES;
				CLANG_ANALYZER_NONNULL = YES;
				CLANG_ANALYZER_NUMBER_OBJECT_CONVERSION = YES_AGGRESSIVE;
				CLANG_CXX_LANGUAGE_STANDARD = "gnu++20";
				CLANG_ENABLE_MODULES = YES;
				CLANG_ENABLE_OBJC_ARC = YES;
				CLANG_ENABLE_OBJC_WEAK = YES;
				CLANG_WARN_BLOCK_CAPTURE_AUTORELEASING = YES;
				CLANG_WARN_BOOL_CONVERSION = YES;
				CLANG_WARN_COMMA = YES;
				CLANG_WARN_CONSTANT_CONVERSION = YES;
				CLANG_WARN_DEPRECATED_OBJC_IMPLEMENTATIONS = YES;
				CLANG_WARN_DIRECT_OBJC_ISA_USAGE = YES_ERROR;
				CLANG_WARN_DOCUMENTATION_COMMENTS = YES;
				CLANG_WARN_EMPTY_BODY = YES;
				CLANG_WARN_ENUM_CONVERSION = YES;
				CLANG_WARN_INFINITE_RECURSION = YES;
				CLANG_WARN_INT_CONVERSION = YES;
				CLANG_WARN_NON_LITERAL_NULL_CONVERSION = YES;
				CLANG_WARN_OBJC_IMPLICIT_RETAIN_SELF = YES;
				CLANG_WARN_OBJC_LITERAL_CONVERSION = YES;
				CLANG_WARN_OBJC_ROOT_CLASS = YES_ERROR;
				CLANG_WARN_QUOTED_INCLUDE_IN_FRAMEWORK_HEADER = YES;
				CLANG_WARN_RANGE_LOOP_ANALYSIS = YES;
				CLANG_WARN_STRICT_PROTOTYPES = YES;
				CLANG_WARN_SUSPICIOUS_MOVE = YES;
				CLANG_WARN_UNGUARDED_AVAILABILITY = YES_AGGRESSIVE;
				CLANG_WARN_UNREACHABLE_CODE = YES;
				CLANG_WARN__DUPLICATE_METHOD_MATCH = YES;
				COPY_PHASE_STRIP = NO;
				DEBUG_INFORMATION_FORMAT = "dwarf-with-dsym";
				ENABLE_NS_ASSERTIONS = NO;
				ENABLE_STRICT_OBJC_MSGSEND = YES;
				ENABLE_USER_SCRIPT_SANDBOXING = YES;
				GCC_C_LANGUAGE_STANDARD = gnu17;
				GCC_NO_COMMON_BLOCKS = YES;
				GCC_WARN_64_TO_32_BIT_CONVERSION = YES;
				GCC_WARN_ABOUT_RETURN_TYPE = YES_ERROR;
				GCC_WARN_UNDECLARED_SELECTOR = YES;
				GCC_WARN_UNINITIALIZED_AUTOS = YES_AGGRESSIVE;
				GCC_WARN_UNUSED_FUNCTION = YES;
				GCC_WARN_UNUSED_VARIABLE = YES;
				IPHONEOS_DEPLOYMENT_TARGET = 17.0;
				LOCALIZATION_PREFERS_STRING_CATALOGS = YES;
				MTL_ENABLE_DEBUG_INFO = NO;
				MTL_FAST_MATH = YES;
				SDKROOT = iphoneos;
				SWIFT_COMPILATION_MODE = wholemodule;
				VALIDATE_PRODUCT = YES;
			};
			name = Release;
		};
		E1DFAE5D2B2394CF00B5218F /* Debug */ = {
			isa = XCBuildConfiguration;
			buildSettings = {
				ASSETCATALOG_COMPILER_APPICON_NAME = AppIcon;
				ASSETCATALOG_COMPILER_GLOBAL_ACCENT_COLOR_NAME = AccentColor;
				ASSETCATALOG_COMPILER_INCLUDE_ALL_APPICON_ASSETS = NO;
				CODE_SIGN_STYLE = Automatic;
				CURRENT_PROJECT_VERSION = 1;
				DEVELOPMENT_ASSET_PATHS = "\"FlickrApp/Preview Content\"";
				DEVELOPMENT_TEAM = 67D95KUV4X;
				ENABLE_PREVIEWS = YES;
				GENERATE_INFOPLIST_FILE = YES;
				INFOPLIST_FILE = FlickrApp/Info.plist;
				INFOPLIST_KEY_NSLocationAlwaysAndWhenInUseUsageDescription = "";
				INFOPLIST_KEY_NSLocationAlwaysUsageDescription = "";
				INFOPLIST_KEY_NSLocationWhenInUseUsageDescription = "";
				INFOPLIST_KEY_UIApplicationSceneManifest_Generation = YES;
				INFOPLIST_KEY_UIApplicationSupportsIndirectInputEvents = YES;
				INFOPLIST_KEY_UILaunchScreen_Generation = YES;
				INFOPLIST_KEY_UISupportedInterfaceOrientations_iPad = "UIInterfaceOrientationPortrait UIInterfaceOrientationPortraitUpsideDown UIInterfaceOrientationLandscapeLeft UIInterfaceOrientationLandscapeRight";
				INFOPLIST_KEY_UISupportedInterfaceOrientations_iPhone = "UIInterfaceOrientationPortrait UIInterfaceOrientationLandscapeLeft UIInterfaceOrientationLandscapeRight";
				LD_RUNPATH_SEARCH_PATHS = (
					"$(inherited)",
					"@executable_path/Frameworks",
				);
				MARKETING_VERSION = 1.0;
				PRODUCT_BUNDLE_IDENTIFIER = com.SohaAhmed.Demos.FlickerApp;
				PRODUCT_NAME = "$(TARGET_NAME)";
				SWIFT_EMIT_LOC_STRINGS = YES;
				SWIFT_VERSION = 5.0;
				TARGETED_DEVICE_FAMILY = "1,2";
			};
			name = Debug;
		};
		E1DFAE5E2B2394CF00B5218F /* Release */ = {
			isa = XCBuildConfiguration;
			buildSettings = {
				ASSETCATALOG_COMPILER_APPICON_NAME = AppIcon;
				ASSETCATALOG_COMPILER_GLOBAL_ACCENT_COLOR_NAME = AccentColor;
				ASSETCATALOG_COMPILER_INCLUDE_ALL_APPICON_ASSETS = NO;
				CODE_SIGN_STYLE = Automatic;
				CURRENT_PROJECT_VERSION = 1;
				DEVELOPMENT_ASSET_PATHS = "\"FlickrApp/Preview Content\"";
				DEVELOPMENT_TEAM = 67D95KUV4X;
				ENABLE_PREVIEWS = YES;
				GENERATE_INFOPLIST_FILE = YES;
				INFOPLIST_FILE = FlickrApp/Info.plist;
				INFOPLIST_KEY_NSLocationAlwaysAndWhenInUseUsageDescription = "";
				INFOPLIST_KEY_NSLocationAlwaysUsageDescription = "";
				INFOPLIST_KEY_NSLocationWhenInUseUsageDescription = "";
				INFOPLIST_KEY_UIApplicationSceneManifest_Generation = YES;
				INFOPLIST_KEY_UIApplicationSupportsIndirectInputEvents = YES;
				INFOPLIST_KEY_UILaunchScreen_Generation = YES;
				INFOPLIST_KEY_UISupportedInterfaceOrientations_iPad = "UIInterfaceOrientationPortrait UIInterfaceOrientationPortraitUpsideDown UIInterfaceOrientationLandscapeLeft UIInterfaceOrientationLandscapeRight";
				INFOPLIST_KEY_UISupportedInterfaceOrientations_iPhone = "UIInterfaceOrientationPortrait UIInterfaceOrientationLandscapeLeft UIInterfaceOrientationLandscapeRight";
				LD_RUNPATH_SEARCH_PATHS = (
					"$(inherited)",
					"@executable_path/Frameworks",
				);
				MARKETING_VERSION = 1.0;
				PRODUCT_BUNDLE_IDENTIFIER = com.SohaAhmed.Demos.FlickerApp;
				PRODUCT_NAME = "$(TARGET_NAME)";
				SWIFT_EMIT_LOC_STRINGS = YES;
				SWIFT_VERSION = 5.0;
				TARGETED_DEVICE_FAMILY = "1,2";
			};
			name = Release;
		};
		E1DFAE602B2394CF00B5218F /* Debug */ = {
			isa = XCBuildConfiguration;
			buildSettings = {
				ALWAYS_EMBED_SWIFT_STANDARD_LIBRARIES = YES;
				BUNDLE_LOADER = "$(TEST_HOST)";
				CODE_SIGN_STYLE = Automatic;
				CURRENT_PROJECT_VERSION = 1;
				DEVELOPMENT_TEAM = 67D95KUV4X;
				GENERATE_INFOPLIST_FILE = YES;
				IPHONEOS_DEPLOYMENT_TARGET = 17.0;
				MARKETING_VERSION = 1.0;
				PRODUCT_BUNDLE_IDENTIFIER = com.SohaAhmed.Demos.FlickerAppTests;
				PRODUCT_NAME = "$(TARGET_NAME)";
				SWIFT_EMIT_LOC_STRINGS = NO;
				SWIFT_VERSION = 5.0;
				TARGETED_DEVICE_FAMILY = "1,2";
				TEST_HOST = "$(BUILT_PRODUCTS_DIR)/FlickrApp.app/$(BUNDLE_EXECUTABLE_FOLDER_PATH)/FlickrApp";
			};
			name = Debug;
		};
		E1DFAE612B2394CF00B5218F /* Release */ = {
			isa = XCBuildConfiguration;
			buildSettings = {
				ALWAYS_EMBED_SWIFT_STANDARD_LIBRARIES = YES;
				BUNDLE_LOADER = "$(TEST_HOST)";
				CODE_SIGN_STYLE = Automatic;
				CURRENT_PROJECT_VERSION = 1;
				DEVELOPMENT_TEAM = 67D95KUV4X;
				GENERATE_INFOPLIST_FILE = YES;
				IPHONEOS_DEPLOYMENT_TARGET = 17.0;
				MARKETING_VERSION = 1.0;
				PRODUCT_BUNDLE_IDENTIFIER = com.SohaAhmed.Demos.FlickerAppTests;
				PRODUCT_NAME = "$(TARGET_NAME)";
				SWIFT_EMIT_LOC_STRINGS = NO;
				SWIFT_VERSION = 5.0;
				TARGETED_DEVICE_FAMILY = "1,2";
				TEST_HOST = "$(BUILT_PRODUCTS_DIR)/FlickrApp.app/$(BUNDLE_EXECUTABLE_FOLDER_PATH)/FlickrApp";
			};
			name = Release;
		};
		E1DFAE632B2394CF00B5218F /* Debug */ = {
			isa = XCBuildConfiguration;
			buildSettings = {
				ALWAYS_EMBED_SWIFT_STANDARD_LIBRARIES = YES;
				CODE_SIGN_STYLE = Automatic;
				CURRENT_PROJECT_VERSION = 1;
				DEVELOPMENT_TEAM = 67D95KUV4X;
				GENERATE_INFOPLIST_FILE = YES;
				MARKETING_VERSION = 1.0;
				PRODUCT_BUNDLE_IDENTIFIER = com.SohaAhmed.Demos.FlickerAppUITests;
				PRODUCT_NAME = "$(TARGET_NAME)";
				SWIFT_EMIT_LOC_STRINGS = NO;
				SWIFT_VERSION = 5.0;
				TARGETED_DEVICE_FAMILY = "1,2";
				TEST_TARGET_NAME = FlickerApp;
			};
			name = Debug;
		};
		E1DFAE642B2394CF00B5218F /* Release */ = {
			isa = XCBuildConfiguration;
			buildSettings = {
				ALWAYS_EMBED_SWIFT_STANDARD_LIBRARIES = YES;
				CODE_SIGN_STYLE = Automatic;
				CURRENT_PROJECT_VERSION = 1;
				DEVELOPMENT_TEAM = 67D95KUV4X;
				GENERATE_INFOPLIST_FILE = YES;
				MARKETING_VERSION = 1.0;
				PRODUCT_BUNDLE_IDENTIFIER = com.SohaAhmed.Demos.FlickerAppUITests;
				PRODUCT_NAME = "$(TARGET_NAME)";
				SWIFT_EMIT_LOC_STRINGS = NO;
				SWIFT_VERSION = 5.0;
				TARGETED_DEVICE_FAMILY = "1,2";
				TEST_TARGET_NAME = FlickerApp;
			};
			name = Release;
		};
/* End XCBuildConfiguration section */

/* Begin XCConfigurationList section */
		E1DFAE332B2394CD00B5218F /* Build configuration list for PBXProject "FlickrApp" */ = {
			isa = XCConfigurationList;
			buildConfigurations = (
				E1DFAE5A2B2394CF00B5218F /* Debug */,
				E1DFAE5B2B2394CF00B5218F /* Release */,
			);
			defaultConfigurationIsVisible = 0;
			defaultConfigurationName = Release;
		};
		E1DFAE5C2B2394CF00B5218F /* Build configuration list for PBXNativeTarget "FlickrApp" */ = {
			isa = XCConfigurationList;
			buildConfigurations = (
				E1DFAE5D2B2394CF00B5218F /* Debug */,
				E1DFAE5E2B2394CF00B5218F /* Release */,
			);
			defaultConfigurationIsVisible = 0;
			defaultConfigurationName = Release;
		};
		E1DFAE5F2B2394CF00B5218F /* Build configuration list for PBXNativeTarget "FlickrAppTests" */ = {
			isa = XCConfigurationList;
			buildConfigurations = (
				E1DFAE602B2394CF00B5218F /* Debug */,
				E1DFAE612B2394CF00B5218F /* Release */,
			);
			defaultConfigurationIsVisible = 0;
			defaultConfigurationName = Release;
		};
		E1DFAE622B2394CF00B5218F /* Build configuration list for PBXNativeTarget "FlickrAppUITests" */ = {
			isa = XCConfigurationList;
			buildConfigurations = (
				E1DFAE632B2394CF00B5218F /* Debug */,
				E1DFAE642B2394CF00B5218F /* Release */,
			);
			defaultConfigurationIsVisible = 0;
			defaultConfigurationName = Release;
		};
/* End XCConfigurationList section */
	};
	rootObject = E1DFAE302B2394CD00B5218F /* Project object */;
}
